// !$*UTF8*$!
{
	archiveVersion = 1;
	classes = {
	};
	objectVersion = 56;
	objects = {

/* Begin PBXBuildFile section */
		1512F2262AFAC8F1007E0397 /* Spot.swift in Sources */ = {isa = PBXBuildFile; fileRef = 1512F2252AFAC8F1007E0397 /* Spot.swift */; };
		1512F2282AFACAFF007E0397 /* SpotDetailView.swift in Sources */ = {isa = PBXBuildFile; fileRef = 1512F2272AFACAFF007E0397 /* SpotDetailView.swift */; };
		1512F22B2AFAD409007E0397 /* SpotViewModel.swift in Sources */ = {isa = PBXBuildFile; fileRef = 1512F22A2AFAD409007E0397 /* SpotViewModel.swift */; };
		1537094D2AF979B200E0F0C0 /* ListView.swift in Sources */ = {isa = PBXBuildFile; fileRef = 1537094C2AF979B200E0F0C0 /* ListView.swift */; };
		154BF8702B05434F00663BC9 /* PlaceLookupView.swift in Sources */ = {isa = PBXBuildFile; fileRef = 154BF86C2B05434E00663BC9 /* PlaceLookupView.swift */; };
		154BF8712B05434F00663BC9 /* Place.swift in Sources */ = {isa = PBXBuildFile; fileRef = 154BF86D2B05434E00663BC9 /* Place.swift */; };
		154BF8722B05434F00663BC9 /* LocationManager.swift in Sources */ = {isa = PBXBuildFile; fileRef = 154BF86E2B05434F00663BC9 /* LocationManager.swift */; };
		154BF8732B05434F00663BC9 /* PlaceViewModel.swift in Sources */ = {isa = PBXBuildFile; fileRef = 154BF86F2B05434F00663BC9 /* PlaceViewModel.swift */; };
		154BF8752B06A60400663BC9 /* Review.swift in Sources */ = {isa = PBXBuildFile; fileRef = 154BF8742B06A60400663BC9 /* Review.swift */; };
		154BF8792B06B7D300663BC9 /* ReviewView.swift in Sources */ = {isa = PBXBuildFile; fileRef = 154BF8782B06B7D300663BC9 /* ReviewView.swift */; };
		154BF87B2B06B8F000663BC9 /* StarsSelectionView.swift in Sources */ = {isa = PBXBuildFile; fileRef = 154BF87A2B06B8F000663BC9 /* StarsSelectionView.swift */; };
		158D1F5D2AF183CC00ABBD93 /* SnacktacularApp.swift in Sources */ = {isa = PBXBuildFile; fileRef = 158D1F5C2AF183CC00ABBD93 /* SnacktacularApp.swift */; };
		158D1F5F2AF183CC00ABBD93 /* LoginView.swift in Sources */ = {isa = PBXBuildFile; fileRef = 158D1F5E2AF183CC00ABBD93 /* LoginView.swift */; };
		158D1F612AF183CE00ABBD93 /* Assets.xcassets in Resources */ = {isa = PBXBuildFile; fileRef = 158D1F602AF183CE00ABBD93 /* Assets.xcassets */; };
		158D1F642AF183CE00ABBD93 /* Preview Assets.xcassets in Resources */ = {isa = PBXBuildFile; fileRef = 158D1F632AF183CE00ABBD93 /* Preview Assets.xcassets */; };
		158D1F6D2AF1883100ABBD93 /* FirebaseAuth in Frameworks */ = {isa = PBXBuildFile; productRef = 158D1F6C2AF1883100ABBD93 /* FirebaseAuth */; };
		158D1F6F2AF1883100ABBD93 /* FirebaseFirestore in Frameworks */ = {isa = PBXBuildFile; productRef = 158D1F6E2AF1883100ABBD93 /* FirebaseFirestore */; };
		158D1F712AF1883100ABBD93 /* FirebaseFirestoreSwift in Frameworks */ = {isa = PBXBuildFile; productRef = 158D1F702AF1883100ABBD93 /* FirebaseFirestoreSwift */; };
		158D1F732AF1883100ABBD93 /* FirebaseStorage in Frameworks */ = {isa = PBXBuildFile; productRef = 158D1F722AF1883100ABBD93 /* FirebaseStorage */; };
		158D1F752AF18C4300ABBD93 /* GoogleService-Info.plist in Resources */ = {isa = PBXBuildFile; fileRef = 158D1F742AF18C4300ABBD93 /* GoogleService-Info.plist */; };
/* End PBXBuildFile section */

/* Begin PBXFileReference section */
		1512F2252AFAC8F1007E0397 /* Spot.swift */ = {isa = PBXFileReference; lastKnownFileType = sourcecode.swift; path = Spot.swift; sourceTree = "<group>"; };
		1512F2272AFACAFF007E0397 /* SpotDetailView.swift */ = {isa = PBXFileReference; lastKnownFileType = sourcecode.swift; path = SpotDetailView.swift; sourceTree = "<group>"; };
		1512F22A2AFAD409007E0397 /* SpotViewModel.swift */ = {isa = PBXFileReference; lastKnownFileType = sourcecode.swift; path = SpotViewModel.swift; sourceTree = "<group>"; };
		1537094C2AF979B200E0F0C0 /* ListView.swift */ = {isa = PBXFileReference; lastKnownFileType = sourcecode.swift; path = ListView.swift; sourceTree = "<group>"; };
		154BF86C2B05434E00663BC9 /* PlaceLookupView.swift */ = {isa = PBXFileReference; fileEncoding = 4; lastKnownFileType = sourcecode.swift; path = PlaceLookupView.swift; sourceTree = "<group>"; };
		154BF86D2B05434E00663BC9 /* Place.swift */ = {isa = PBXFileReference; fileEncoding = 4; lastKnownFileType = sourcecode.swift; path = Place.swift; sourceTree = "<group>"; };
		154BF86E2B05434F00663BC9 /* LocationManager.swift */ = {isa = PBXFileReference; fileEncoding = 4; lastKnownFileType = sourcecode.swift; path = LocationManager.swift; sourceTree = "<group>"; };
		154BF86F2B05434F00663BC9 /* PlaceViewModel.swift */ = {isa = PBXFileReference; fileEncoding = 4; lastKnownFileType = sourcecode.swift; path = PlaceViewModel.swift; sourceTree = "<group>"; };
		154BF8742B06A60400663BC9 /* Review.swift */ = {isa = PBXFileReference; lastKnownFileType = sourcecode.swift; path = Review.swift; sourceTree = "<group>"; };
		154BF8782B06B7D300663BC9 /* ReviewView.swift */ = {isa = PBXFileReference; lastKnownFileType = sourcecode.swift; path = ReviewView.swift; sourceTree = "<group>"; };
		154BF87A2B06B8F000663BC9 /* StarsSelectionView.swift */ = {isa = PBXFileReference; lastKnownFileType = sourcecode.swift; path = StarsSelectionView.swift; sourceTree = "<group>"; };
		158D1F592AF183CC00ABBD93 /* Snacktacular.app */ = {isa = PBXFileReference; explicitFileType = wrapper.application; includeInIndex = 0; path = Snacktacular.app; sourceTree = BUILT_PRODUCTS_DIR; };
		158D1F5C2AF183CC00ABBD93 /* SnacktacularApp.swift */ = {isa = PBXFileReference; lastKnownFileType = sourcecode.swift; path = SnacktacularApp.swift; sourceTree = "<group>"; };
		158D1F5E2AF183CC00ABBD93 /* LoginView.swift */ = {isa = PBXFileReference; lastKnownFileType = sourcecode.swift; path = LoginView.swift; sourceTree = "<group>"; };
		158D1F602AF183CE00ABBD93 /* Assets.xcassets */ = {isa = PBXFileReference; lastKnownFileType = folder.assetcatalog; path = Assets.xcassets; sourceTree = "<group>"; };
		158D1F632AF183CE00ABBD93 /* Preview Assets.xcassets */ = {isa = PBXFileReference; lastKnownFileType = folder.assetcatalog; path = "Preview Assets.xcassets"; sourceTree = "<group>"; };
		158D1F6A2AF1847200ABBD93 /* Info.plist */ = {isa = PBXFileReference; lastKnownFileType = text.plist; path = Info.plist; sourceTree = "<group>"; };
		158D1F742AF18C4300ABBD93 /* GoogleService-Info.plist */ = {isa = PBXFileReference; lastKnownFileType = text.plist; path = "GoogleService-Info.plist"; sourceTree = SOURCE_ROOT; };
/* End PBXFileReference section */

/* Begin PBXFrameworksBuildPhase section */
		158D1F562AF183CC00ABBD93 /* Frameworks */ = {
			isa = PBXFrameworksBuildPhase;
			buildActionMask = 2147483647;
			files = (
				158D1F6D2AF1883100ABBD93 /* FirebaseAuth in Frameworks */,
				158D1F732AF1883100ABBD93 /* FirebaseStorage in Frameworks */,
				158D1F6F2AF1883100ABBD93 /* FirebaseFirestore in Frameworks */,
				158D1F712AF1883100ABBD93 /* FirebaseFirestoreSwift in Frameworks */,
			);
			runOnlyForDeploymentPostprocessing = 0;
		};
/* End PBXFrameworksBuildPhase section */

/* Begin PBXGroup section */
		1512F2242AFAC8D3007E0397 /* Model */ = {
			isa = PBXGroup;
			children = (
				1512F2252AFAC8F1007E0397 /* Spot.swift */,
				154BF86D2B05434E00663BC9 /* Place.swift */,
				154BF8742B06A60400663BC9 /* Review.swift */,
			);
			path = Model;
			sourceTree = "<group>";
		};
		1512F2292AFAD035007E0397 /* ViewModel */ = {
			isa = PBXGroup;
			children = (
				1512F22A2AFAD409007E0397 /* SpotViewModel.swift */,
				154BF86E2B05434F00663BC9 /* LocationManager.swift */,
				154BF86F2B05434F00663BC9 /* PlaceViewModel.swift */,
			);
			path = ViewModel;
			sourceTree = "<group>";
		};
		1537094E2AF979BB00E0F0C0 /* View */ = {
			isa = PBXGroup;
			children = (
				158D1F5E2AF183CC00ABBD93 /* LoginView.swift */,
				1537094C2AF979B200E0F0C0 /* ListView.swift */,
				1512F2272AFACAFF007E0397 /* SpotDetailView.swift */,
				154BF86C2B05434E00663BC9 /* PlaceLookupView.swift */,
				154BF8782B06B7D300663BC9 /* ReviewView.swift */,
				154BF87A2B06B8F000663BC9 /* StarsSelectionView.swift */,
			);
			path = View;
			sourceTree = "<group>";
		};
		158D1F502AF183CC00ABBD93 = {
			isa = PBXGroup;
			children = (
				158D1F5B2AF183CC00ABBD93 /* Snacktacular */,
				158D1F5A2AF183CC00ABBD93 /* Products */,
			);
			sourceTree = "<group>";
		};
		158D1F5A2AF183CC00ABBD93 /* Products */ = {
			isa = PBXGroup;
			children = (
				158D1F592AF183CC00ABBD93 /* Snacktacular.app */,
			);
			name = Products;
			sourceTree = "<group>";
		};
		158D1F5B2AF183CC00ABBD93 /* Snacktacular */ = {
			isa = PBXGroup;
			children = (
				158D1F6A2AF1847200ABBD93 /* Info.plist */,
				158D1F5C2AF183CC00ABBD93 /* SnacktacularApp.swift */,
				1512F2242AFAC8D3007E0397 /* Model */,
				1537094E2AF979BB00E0F0C0 /* View */,
				1512F2292AFAD035007E0397 /* ViewModel */,
				158D1F602AF183CE00ABBD93 /* Assets.xcassets */,
				158D1F742AF18C4300ABBD93 /* GoogleService-Info.plist */,
				158D1F622AF183CE00ABBD93 /* Preview Content */,
			);
			path = Snacktacular;
			sourceTree = "<group>";
		};
		158D1F622AF183CE00ABBD93 /* Preview Content */ = {
			isa = PBXGroup;
			children = (
				158D1F632AF183CE00ABBD93 /* Preview Assets.xcassets */,
			);
			path = "Preview Content";
			sourceTree = "<group>";
		};
/* End PBXGroup section */

/* Begin PBXNativeTarget section */
		158D1F582AF183CC00ABBD93 /* Snacktacular */ = {
			isa = PBXNativeTarget;
			buildConfigurationList = 158D1F672AF183CE00ABBD93 /* Build configuration list for PBXNativeTarget "Snacktacular" */;
			buildPhases = (
				158D1F552AF183CC00ABBD93 /* Sources */,
				158D1F562AF183CC00ABBD93 /* Frameworks */,
				158D1F572AF183CC00ABBD93 /* Resources */,
			);
			buildRules = (
			);
			dependencies = (
			);
			name = Snacktacular;
			packageProductDependencies = (
				158D1F6C2AF1883100ABBD93 /* FirebaseAuth */,
				158D1F6E2AF1883100ABBD93 /* FirebaseFirestore */,
				158D1F702AF1883100ABBD93 /* FirebaseFirestoreSwift */,
				158D1F722AF1883100ABBD93 /* FirebaseStorage */,
			);
			productName = Snacktacular;
			productReference = 158D1F592AF183CC00ABBD93 /* Snacktacular.app */;
			productType = "com.apple.product-type.application";
		};
/* End PBXNativeTarget section */

/* Begin PBXProject section */
		158D1F512AF183CC00ABBD93 /* Project object */ = {
			isa = PBXProject;
			attributes = {
				BuildIndependentTargetsInParallel = 1;
				LastSwiftUpdateCheck = 1420;
				LastUpgradeCheck = 1420;
				TargetAttributes = {
					158D1F582AF183CC00ABBD93 = {
						CreatedOnToolsVersion = 14.2;
					};
				};
			};
			buildConfigurationList = 158D1F542AF183CC00ABBD93 /* Build configuration list for PBXProject "Snacktacular" */;
			compatibilityVersion = "Xcode 14.0";
			developmentRegion = en;
			hasScannedForEncodings = 0;
			knownRegions = (
				en,
				Base,
			);
			mainGroup = 158D1F502AF183CC00ABBD93;
			packageReferences = (
				158D1F6B2AF1883100ABBD93 /* XCRemoteSwiftPackageReference "firebase-ios-sdk" */,
			);
			productRefGroup = 158D1F5A2AF183CC00ABBD93 /* Products */;
			projectDirPath = "";
			projectRoot = "";
			targets = (
				158D1F582AF183CC00ABBD93 /* Snacktacular */,
			);
		};
/* End PBXProject section */

/* Begin PBXResourcesBuildPhase section */
		158D1F572AF183CC00ABBD93 /* Resources */ = {
			isa = PBXResourcesBuildPhase;
			buildActionMask = 2147483647;
			files = (
				158D1F642AF183CE00ABBD93 /* Preview Assets.xcassets in Resources */,
				158D1F612AF183CE00ABBD93 /* Assets.xcassets in Resources */,
				158D1F752AF18C4300ABBD93 /* GoogleService-Info.plist in Resources */,
			);
			runOnlyForDeploymentPostprocessing = 0;
		};
/* End PBXResourcesBuildPhase section */

/* Begin PBXSourcesBuildPhase section */
		158D1F552AF183CC00ABBD93 /* Sources */ = {
			isa = PBXSourcesBuildPhase;
			buildActionMask = 2147483647;
			files = (
				1512F2282AFACAFF007E0397 /* SpotDetailView.swift in Sources */,
				154BF8702B05434F00663BC9 /* PlaceLookupView.swift in Sources */,
				158D1F5F2AF183CC00ABBD93 /* LoginView.swift in Sources */,
				154BF87B2B06B8F000663BC9 /* StarsSelectionView.swift in Sources */,
				154BF8712B05434F00663BC9 /* Place.swift in Sources */,
				154BF8792B06B7D300663BC9 /* ReviewView.swift in Sources */,
				1512F22B2AFAD409007E0397 /* SpotViewModel.swift in Sources */,
				158D1F5D2AF183CC00ABBD93 /* SnacktacularApp.swift in Sources */,
				154BF8752B06A60400663BC9 /* Review.swift in Sources */,
				154BF8732B05434F00663BC9 /* PlaceViewModel.swift in Sources */,
				1537094D2AF979B200E0F0C0 /* ListView.swift in Sources */,
				1512F2262AFAC8F1007E0397 /* Spot.swift in Sources */,
				154BF8722B05434F00663BC9 /* LocationManager.swift in Sources */,
			);
			runOnlyForDeploymentPostprocessing = 0;
		};
/* End PBXSourcesBuildPhase section */

/* Begin XCBuildConfiguration section */
		158D1F652AF183CE00ABBD93 /* Debug */ = {
			isa = XCBuildConfiguration;
			buildSettings = {
				ALWAYS_SEARCH_USER_PATHS = NO;
				CLANG_ANALYZER_NONNULL = YES;
				CLANG_ANALYZER_NUMBER_OBJECT_CONVERSION = YES_AGGRESSIVE;
				CLANG_CXX_LANGUAGE_STANDARD = "gnu++20";
				CLANG_ENABLE_MODULES = YES;
				CLANG_ENABLE_OBJC_ARC = YES;
				CLANG_ENABLE_OBJC_WEAK = YES;
				CLANG_WARN_BLOCK_CAPTURE_AUTORELEASING = YES;
				CLANG_WARN_BOOL_CONVERSION = YES;
				CLANG_WARN_COMMA = YES;
				CLANG_WARN_CONSTANT_CONVERSION = YES;
				CLANG_WARN_DEPRECATED_OBJC_IMPLEMENTATIONS = YES;
				CLANG_WARN_DIRECT_OBJC_ISA_USAGE = YES_ERROR;
				CLANG_WARN_DOCUMENTATION_COMMENTS = YES;
				CLANG_WARN_EMPTY_BODY = YES;
				CLANG_WARN_ENUM_CONVERSION = YES;
				CLANG_WARN_INFINITE_RECURSION = YES;
				CLANG_WARN_INT_CONVERSION = YES;
				CLANG_WARN_NON_LITERAL_NULL_CONVERSION = YES;
				CLANG_WARN_OBJC_IMPLICIT_RETAIN_SELF = YES;
				CLANG_WARN_OBJC_LITERAL_CONVERSION = YES;
				CLANG_WARN_OBJC_ROOT_CLASS = YES_ERROR;
				CLANG_WARN_QUOTED_INCLUDE_IN_FRAMEWORK_HEADER = YES;
				CLANG_WARN_RANGE_LOOP_ANALYSIS = YES;
				CLANG_WARN_STRICT_PROTOTYPES = YES;
				CLANG_WARN_SUSPICIOUS_MOVE = YES;
				CLANG_WARN_UNGUARDED_AVAILABILITY = YES_AGGRESSIVE;
				CLANG_WARN_UNREACHABLE_CODE = YES;
				CLANG_WARN__DUPLICATE_METHOD_MATCH = YES;
				COPY_PHASE_STRIP = NO;
				DEBUG_INFORMATION_FORMAT = dwarf;
				ENABLE_STRICT_OBJC_MSGSEND = YES;
				ENABLE_TESTABILITY = YES;
				GCC_C_LANGUAGE_STANDARD = gnu11;
				GCC_DYNAMIC_NO_PIC = NO;
				GCC_NO_COMMON_BLOCKS = YES;
				GCC_OPTIMIZATION_LEVEL = 0;
				GCC_PREPROCESSOR_DEFINITIONS = (
					"DEBUG=1",
					"$(inherited)",
				);
				GCC_WARN_64_TO_32_BIT_CONVERSION = YES;
				GCC_WARN_ABOUT_RETURN_TYPE = YES_ERROR;
				GCC_WARN_UNDECLARED_SELECTOR = YES;
				GCC_WARN_UNINITIALIZED_AUTOS = YES_AGGRESSIVE;
				GCC_WARN_UNUSED_FUNCTION = YES;
				GCC_WARN_UNUSED_VARIABLE = YES;
				IPHONEOS_DEPLOYMENT_TARGET = 16.2;
				MTL_ENABLE_DEBUG_INFO = INCLUDE_SOURCE;
				MTL_FAST_MATH = YES;
				ONLY_ACTIVE_ARCH = YES;
				SDKROOT = iphoneos;
				SWIFT_ACTIVE_COMPILATION_CONDITIONS = DEBUG;
				SWIFT_OPTIMIZATION_LEVEL = "-Onone";
			};
			name = Debug;
		};
		158D1F662AF183CE00ABBD93 /* Release */ = {
			isa = XCBuildConfiguration;
			buildSettings = {
				ALWAYS_SEARCH_USER_PATHS = NO;
				CLANG_ANALYZER_NONNULL = YES;
				CLANG_ANALYZER_NUMBER_OBJECT_CONVERSION = YES_AGGRESSIVE;
				CLANG_CXX_LANGUAGE_STANDARD = "gnu++20";
				CLANG_ENABLE_MODULES = YES;
				CLANG_ENABLE_OBJC_ARC = YES;
				CLANG_ENABLE_OBJC_WEAK = YES;
				CLANG_WARN_BLOCK_CAPTURE_AUTORELEASING = YES;
				CLANG_WARN_BOOL_CONVERSION = YES;
				CLANG_WARN_COMMA = YES;
				CLANG_WARN_CONSTANT_CONVERSION = YES;
				CLANG_WARN_DEPRECATED_OBJC_IMPLEMENTATIONS = YES;
				CLANG_WARN_DIRECT_OBJC_ISA_USAGE = YES_ERROR;
				CLANG_WARN_DOCUMENTATION_COMMENTS = YES;
				CLANG_WARN_EMPTY_BODY = YES;
				CLANG_WARN_ENUM_CONVERSION = YES;
				CLANG_WARN_INFINITE_RECURSION = YES;
				CLANG_WARN_INT_CONVERSION = YES;
				CLANG_WARN_NON_LITERAL_NULL_CONVERSION = YES;
				CLANG_WARN_OBJC_IMPLICIT_RETAIN_SELF = YES;
				CLANG_WARN_OBJC_LITERAL_CONVERSION = YES;
				CLANG_WARN_OBJC_ROOT_CLASS = YES_ERROR;
				CLANG_WARN_QUOTED_INCLUDE_IN_FRAMEWORK_HEADER = YES;
				CLANG_WARN_RANGE_LOOP_ANALYSIS = YES;
				CLANG_WARN_STRICT_PROTOTYPES = YES;
				CLANG_WARN_SUSPICIOUS_MOVE = YES;
				CLANG_WARN_UNGUARDED_AVAILABILITY = YES_AGGRESSIVE;
				CLANG_WARN_UNREACHABLE_CODE = YES;
				CLANG_WARN__DUPLICATE_METHOD_MATCH = YES;
				COPY_PHASE_STRIP = NO;
				DEBUG_INFORMATION_FORMAT = "dwarf-with-dsym";
				ENABLE_NS_ASSERTIONS = NO;
				ENABLE_STRICT_OBJC_MSGSEND = YES;
				GCC_C_LANGUAGE_STANDARD = gnu11;
				GCC_NO_COMMON_BLOCKS = YES;
				GCC_WARN_64_TO_32_BIT_CONVERSION = YES;
				GCC_WARN_ABOUT_RETURN_TYPE = YES_ERROR;
				GCC_WARN_UNDECLARED_SELECTOR = YES;
				GCC_WARN_UNINITIALIZED_AUTOS = YES_AGGRESSIVE;
				GCC_WARN_UNUSED_FUNCTION = YES;
				GCC_WARN_UNUSED_VARIABLE = YES;
				IPHONEOS_DEPLOYMENT_TARGET = 16.2;
				MTL_ENABLE_DEBUG_INFO = NO;
				MTL_FAST_MATH = YES;
				SDKROOT = iphoneos;
				SWIFT_COMPILATION_MODE = wholemodule;
				SWIFT_OPTIMIZATION_LEVEL = "-O";
				VALIDATE_PRODUCT = YES;
			};
			name = Release;
		};
		158D1F682AF183CE00ABBD93 /* Debug */ = {
			isa = XCBuildConfiguration;
			buildSettings = {
				ASSETCATALOG_COMPILER_APPICON_NAME = AppIcon;
				ASSETCATALOG_COMPILER_GLOBAL_ACCENT_COLOR_NAME = AccentColor;
				CODE_SIGN_STYLE = Automatic;
				CURRENT_PROJECT_VERSION = 1;
				DEVELOPMENT_ASSET_PATHS = "\"Snacktacular/Preview Content\"";
				ENABLE_PREVIEWS = YES;
				GENERATE_INFOPLIST_FILE = YES;
				INFOPLIST_FILE = Snacktacular/Info.plist;
				INFOPLIST_KEY_NSLocationAlwaysAndWhenInUseUsageDescription = "This app requires access to the device's location";
				INFOPLIST_KEY_NSLocationWhenInUseUsageDescription = "This app requires access to the device's location";
				INFOPLIST_KEY_UIApplicationSceneManifest_Generation = YES;
				INFOPLIST_KEY_UIApplicationSupportsIndirectInputEvents = YES;
				INFOPLIST_KEY_UISupportedInterfaceOrientations_iPad = "UIInterfaceOrientationPortrait UIInterfaceOrientationPortraitUpsideDown UIInterfaceOrientationLandscapeLeft UIInterfaceOrientationLandscapeRight";
				INFOPLIST_KEY_UISupportedInterfaceOrientations_iPhone = "UIInterfaceOrientationPortrait UIInterfaceOrientationLandscapeLeft UIInterfaceOrientationLandscapeRight";
				LD_RUNPATH_SEARCH_PATHS = (
					"$(inherited)",
					"@executable_path/Frameworks",
				);
				MARKETING_VERSION = 1.0;
				PRODUCT_BUNDLE_IDENTIFIER = com.antony.Snacktacular;
				PRODUCT_NAME = "$(TARGET_NAME)";
				SWIFT_EMIT_LOC_STRINGS = YES;
				SWIFT_VERSION = 5.0;
				TARGETED_DEVICE_FAMILY = "1,2";
			};
			name = Debug;
		};
		158D1F692AF183CE00ABBD93 /* Release */ = {
			isa = XCBuildConfiguration;
			buildSettings = {
				ASSETCATALOG_COMPILER_APPICON_NAME = AppIcon;
				ASSETCATALOG_COMPILER_GLOBAL_ACCENT_COLOR_NAME = AccentColor;
				CODE_SIGN_STYLE = Automatic;
				CURRENT_PROJECT_VERSION = 1;
				DEVELOPMENT_ASSET_PATHS = "\"Snacktacular/Preview Content\"";
				ENABLE_PREVIEWS = YES;
				GENERATE_INFOPLIST_FILE = YES;
				INFOPLIST_FILE = Snacktacular/Info.plist;
				INFOPLIST_KEY_NSLocationAlwaysAndWhenInUseUsageDescription = "This app requires access to the device's location";
				INFOPLIST_KEY_NSLocationWhenInUseUsageDescription = "This app requires access to the device's location";
				INFOPLIST_KEY_UIApplicationSceneManifest_Generation = YES;
				INFOPLIST_KEY_UIApplicationSupportsIndirectInputEvents = YES;
				INFOPLIST_KEY_UISupportedInterfaceOrientations_iPad = "UIInterfaceOrientationPortrait UIInterfaceOrientationPortraitUpsideDown UIInterfaceOrientationLandscapeLeft UIInterfaceOrientationLandscapeRight";
				INFOPLIST_KEY_UISupportedInterfaceOrientations_iPhone = "UIInterfaceOrientationPortrait UIInterfaceOrientationLandscapeLeft UIInterfaceOrientationLandscapeRight";
				LD_RUNPATH_SEARCH_PATHS = (
					"$(inherited)",
					"@executable_path/Frameworks",
				);
				MARKETING_VERSION = 1.0;
				PRODUCT_BUNDLE_IDENTIFIER = com.antony.Snacktacular;
				PRODUCT_NAME = "$(TARGET_NAME)";
				SWIFT_EMIT_LOC_STRINGS = YES;
				SWIFT_VERSION = 5.0;
				TARGETED_DEVICE_FAMILY = "1,2";
			};
			name = Release;
		};
/* End XCBuildConfiguration section */

/* Begin XCConfigurationList section */
		158D1F542AF183CC00ABBD93 /* Build configuration list for PBXProject "Snacktacular" */ = {
			isa = XCConfigurationList;
			buildConfigurations = (
				158D1F652AF183CE00ABBD93 /* Debug */,
				158D1F662AF183CE00ABBD93 /* Release */,
			);
			defaultConfigurationIsVisible = 0;
			defaultConfigurationName = Release;
		};
		158D1F672AF183CE00ABBD93 /* Build configuration list for PBXNativeTarget "Snacktacular" */ = {
			isa = XCConfigurationList;
			buildConfigurations = (
				158D1F682AF183CE00ABBD93 /* Debug */,
				158D1F692AF183CE00ABBD93 /* Release */,
			);
			defaultConfigurationIsVisible = 0;
			defaultConfigurationName = Release;
		};
/* End XCConfigurationList section */

/* Begin XCRemoteSwiftPackageReference section */
		158D1F6B2AF1883100ABBD93 /* XCRemoteSwiftPackageReference "firebase-ios-sdk" */ = {
			isa = XCRemoteSwiftPackageReference;
			repositoryURL = "https://github.com/firebase/firebase-ios-sdk.git";
			requirement = {
				kind = upToNextMajorVersion;
				minimumVersion = 9.0.0;
			};
		};
/* End XCRemoteSwiftPackageReference section */

/* Begin XCSwiftPackageProductDependency section */
		158D1F6C2AF1883100ABBD93 /* FirebaseAuth */ = {
			isa = XCSwiftPackageProductDependency;
			package = 158D1F6B2AF1883100ABBD93 /* XCRemoteSwiftPackageReference "firebase-ios-sdk" */;
			productName = FirebaseAuth;
		};
		158D1F6E2AF1883100ABBD93 /* FirebaseFirestore */ = {
			isa = XCSwiftPackageProductDependency;
			package = 158D1F6B2AF1883100ABBD93 /* XCRemoteSwiftPackageReference "firebase-ios-sdk" */;
			productName = FirebaseFirestore;
		};
		158D1F702AF1883100ABBD93 /* FirebaseFirestoreSwift */ = {
			isa = XCSwiftPackageProductDependency;
			package = 158D1F6B2AF1883100ABBD93 /* XCRemoteSwiftPackageReference "firebase-ios-sdk" */;
			productName = FirebaseFirestoreSwift;
		};
		158D1F722AF1883100ABBD93 /* FirebaseStorage */ = {
			isa = XCSwiftPackageProductDependency;
			package = 158D1F6B2AF1883100ABBD93 /* XCRemoteSwiftPackageReference "firebase-ios-sdk" */;
			productName = FirebaseStorage;
		};
/* End XCSwiftPackageProductDependency section */
	};
	rootObject = 158D1F512AF183CC00ABBD93 /* Project object */;
}
